
Microsoft Visual Studio Solution File, Format Version 12.00
# Visual Studio 14
VisualStudioVersion = 14.0.25420.1
MinimumVisualStudioVersion = 10.0.40219.1
Project("{FAE04EC0-301F-11D3-BF4B-00C04F79EFBC}") = "CrossPlatform.Droid", "CrossPlatform\CrossPlatform.Droid\CrossPlatform.Droid.csproj", "{B6437DC9-9E82-4FB9-A661-1C7BE57C189B}"
EndProject
Project("{FAE04EC0-301F-11D3-BF4B-00C04F79EFBC}") = "CrossPlatform.UWP", "CrossPlatform\CrossPlatform.UWP\CrossPlatform.UWP.csproj", "{989BA405-39D0-4EE2-B858-6496C74D0424}"
EndProject
Project("{D954291E-2A0B-460D-934E-DC6B0785DB48}") = "CrossPlatform", "CrossPlatform\CrossPlatform\CrossPlatform.shproj", "{C9995A8C-15AE-4020-A81E-2BC2FE8A8E26}"
EndProject
Global
	GlobalSection(SharedMSBuildProjectFiles) = preSolution
		CrossPlatform\CrossPlatform\CrossPlatform.projitems*{989ba405-39d0-4ee2-b858-6496c74d0424}*SharedItemsImports = 4
		CrossPlatform\CrossPlatform\CrossPlatform.projitems*{b6437dc9-9e82-4fb9-a661-1c7be57c189b}*SharedItemsImports = 4
		CrossPlatform\CrossPlatform\CrossPlatform.projitems*{c9995a8c-15ae-4020-a81e-2bc2fe8a8e26}*SharedItemsImports = 13
	EndGlobalSection
	GlobalSection(SolutionConfigurationPlatforms) = preSolution
		Ad-Hoc|Any CPU = Ad-Hoc|Any CPU
		Ad-Hoc|ARM = Ad-Hoc|ARM
		Ad-Hoc|iPhone = Ad-Hoc|iPhone
		Ad-Hoc|iPhoneSimulator = Ad-Hoc|iPhoneSimulator
		Ad-Hoc|x64 = Ad-Hoc|x64
		Ad-Hoc|x86 = Ad-Hoc|x86
		AppStore|Any CPU = AppStore|Any CPU
		AppStore|ARM = AppStore|ARM
		AppStore|iPhone = AppStore|iPhone
		AppStore|iPhoneSimulator = AppStore|iPhoneSimulator
		AppStore|x64 = AppStore|x64
		AppStore|x86 = AppStore|x86
		Debug|Any CPU = Debug|Any CPU
		Debug|ARM = Debug|ARM
		Debug|iPhone = Debug|iPhone
		Debug|iPhoneSimulator = Debug|iPhoneSimulator
		Debug|x64 = Debug|x64
		Debug|x86 = Debug|x86
		Release|Any CPU = Release|Any CPU
		Release|ARM = Release|ARM
		Release|iPhone = Release|iPhone
		Release|iPhoneSimulator = Release|iPhoneSimulator
		Release|x64 = Release|x64
		Release|x86 = Release|x86
	EndGlobalSection
	GlobalSection(ProjectConfigurationPlatforms) = postSolution
		{B6437DC9-9E82-4FB9-A661-1C7BE57C189B}.Ad-Hoc|Any CPU.ActiveCfg = Release|Any CPU
		{B6437DC9-9E82-4FB9-A661-1C7BE57C189B}.Ad-Hoc|Any CPU.Build.0 = Release|Any CPU
		{B6437DC9-9E82-4FB9-A661-1C7BE57C189B}.Ad-Hoc|Any CPU.Deploy.0 = Release|Any CPU
		{B6437DC9-9E82-4FB9-A661-1C7BE57C189B}.Ad-Hoc|ARM.ActiveCfg = Release|Any CPU
		{B6437DC9-9E82-4FB9-A661-1C7BE57C189B}.Ad-Hoc|ARM.Build.0 = Release|Any CPU
		{B6437DC9-9E82-4FB9-A661-1C7BE57C189B}.Ad-Hoc|ARM.Deploy.0 = Release|Any CPU
		{B6437DC9-9E82-4FB9-A661-1C7BE57C189B}.Ad-Hoc|iPhone.ActiveCfg = Release|Any CPU
		{B6437DC9-9E82-4FB9-A661-1C7BE57C189B}.Ad-Hoc|iPhone.Build.0 = Release|Any CPU
		{B6437DC9-9E82-4FB9-A661-1C7BE57C189B}.Ad-Hoc|iPhone.Deploy.0 = Release|Any CPU
		{B6437DC9-9E82-4FB9-A661-1C7BE57C189B}.Ad-Hoc|iPhoneSimulator.ActiveCfg = Release|Any CPU
		{B6437DC9-9E82-4FB9-A661-1C7BE57C189B}.Ad-Hoc|iPhoneSimulator.Build.0 = Release|Any CPU
		{B6437DC9-9E82-4FB9-A661-1C7BE57C189B}.Ad-Hoc|iPhoneSimulator.Deploy.0 = Release|Any CPU
		{B6437DC9-9E82-4FB9-A661-1C7BE57C189B}.Ad-Hoc|x64.ActiveCfg = Release|Any CPU
		{B6437DC9-9E82-4FB9-A661-1C7BE57C189B}.Ad-Hoc|x64.Build.0 = Release|Any CPU
		{B6437DC9-9E82-4FB9-A661-1C7BE57C189B}.Ad-Hoc|x64.Deploy.0 = Release|Any CPU
		{B6437DC9-9E82-4FB9-A661-1C7BE57C189B}.Ad-Hoc|x86.ActiveCfg = Release|Any CPU
		{B6437DC9-9E82-4FB9-A661-1C7BE57C189B}.Ad-Hoc|x86.Build.0 = Release|Any CPU
		{B6437DC9-9E82-4FB9-A661-1C7BE57C189B}.Ad-Hoc|x86.Deploy.0 = Release|Any CPU
		{B6437DC9-9E82-4FB9-A661-1C7BE57C189B}.AppStore|Any CPU.ActiveCfg = Release|Any CPU
		{B6437DC9-9E82-4FB9-A661-1C7BE57C189B}.AppStore|Any CPU.Build.0 = Release|Any CPU
		{B6437DC9-9E82-4FB9-A661-1C7BE57C189B}.AppStore|Any CPU.Deploy.0 = Release|Any CPU
		{B6437DC9-9E82-4FB9-A661-1C7BE57C189B}.AppStore|ARM.ActiveCfg = Release|Any CPU
		{B6437DC9-9E82-4FB9-A661-1C7BE57C189B}.AppStore|ARM.Build.0 = Release|Any CPU
		{B6437DC9-9E82-4FB9-A661-1C7BE57C189B}.AppStore|ARM.Deploy.0 = Release|Any CPU
		{B6437DC9-9E82-4FB9-A661-1C7BE57C189B}.AppStore|iPhone.ActiveCfg = Release|Any CPU
		{B6437DC9-9E82-4FB9-A661-1C7BE57C189B}.AppStore|iPhone.Build.0 = Release|Any CPU
		{B6437DC9-9E82-4FB9-A661-1C7BE57C189B}.AppStore|iPhone.Deploy.0 = Release|Any CPU
		{B6437DC9-9E82-4FB9-A661-1C7BE57C189B}.AppStore|iPhoneSimulator.ActiveCfg = Release|Any CPU
		{B6437DC9-9E82-4FB9-A661-1C7BE57C189B}.AppStore|iPhoneSimulator.Build.0 = Release|Any CPU
		{B6437DC9-9E82-4FB9-A661-1C7BE57C189B}.AppStore|iPhoneSimulator.Deploy.0 = Release|Any CPU
		{B6437DC9-9E82-4FB9-A661-1C7BE57C189B}.AppStore|x64.ActiveCfg = Release|Any CPU
		{B6437DC9-9E82-4FB9-A661-1C7BE57C189B}.AppStore|x64.Build.0 = Release|Any CPU
		{B6437DC9-9E82-4FB9-A661-1C7BE57C189B}.AppStore|x64.Deploy.0 = Release|Any CPU
		{B6437DC9-9E82-4FB9-A661-1C7BE57C189B}.AppStore|x86.ActiveCfg = Release|Any CPU
		{B6437DC9-9E82-4FB9-A661-1C7BE57C189B}.AppStore|x86.Build.0 = Release|Any CPU
		{B6437DC9-9E82-4FB9-A661-1C7BE57C189B}.AppStore|x86.Deploy.0 = Release|Any CPU
		{B6437DC9-9E82-4FB9-A661-1C7BE57C189B}.Debug|Any CPU.ActiveCfg = Debug|Any CPU
		{B6437DC9-9E82-4FB9-A661-1C7BE57C189B}.Debug|Any CPU.Build.0 = Debug|Any CPU
		{B6437DC9-9E82-4FB9-A661-1C7BE57C189B}.Debug|Any CPU.Deploy.0 = Debug|Any CPU
		{B6437DC9-9E82-4FB9-A661-1C7BE57C189B}.Debug|ARM.ActiveCfg = Debug|Any CPU
		{B6437DC9-9E82-4FB9-A661-1C7BE57C189B}.Debug|ARM.Build.0 = Debug|Any CPU
		{B6437DC9-9E82-4FB9-A661-1C7BE57C189B}.Debug|ARM.Deploy.0 = Debug|Any CPU
		{B6437DC9-9E82-4FB9-A661-1C7BE57C189B}.Debug|iPhone.ActiveCfg = Debug|Any CPU
		{B6437DC9-9E82-4FB9-A661-1C7BE57C189B}.Debug|iPhone.Build.0 = Debug|Any CPU
		{B6437DC9-9E82-4FB9-A661-1C7BE57C189B}.Debug|iPhone.Deploy.0 = Debug|Any CPU
		{B6437DC9-9E82-4FB9-A661-1C7BE57C189B}.Debug|iPhoneSimulator.ActiveCfg = Debug|Any CPU
		{B6437DC9-9E82-4FB9-A661-1C7BE57C189B}.Debug|iPhoneSimulator.Build.0 = Debug|Any CPU
		{B6437DC9-9E82-4FB9-A661-1C7BE57C189B}.Debug|iPhoneSimulator.Deploy.0 = Debug|Any CPU
		{B6437DC9-9E82-4FB9-A661-1C7BE57C189B}.Debug|x64.ActiveCfg = Debug|Any CPU
		{B6437DC9-9E82-4FB9-A661-1C7BE57C189B}.Debug|x64.Build.0 = Debug|Any CPU
		{B6437DC9-9E82-4FB9-A661-1C7BE57C189B}.Debug|x64.Deploy.0 = Debug|Any CPU
		{B6437DC9-9E82-4FB9-A661-1C7BE57C189B}.Debug|x86.ActiveCfg = Debug|Any CPU
		{B6437DC9-9E82-4FB9-A661-1C7BE57C189B}.Debug|x86.Build.0 = Debug|Any CPU
		{B6437DC9-9E82-4FB9-A661-1C7BE57C189B}.Debug|x86.Deploy.0 = Debug|Any CPU
		{B6437DC9-9E82-4FB9-A661-1C7BE57C189B}.Release|Any CPU.ActiveCfg = Release|Any CPU
		{B6437DC9-9E82-4FB9-A661-1C7BE57C189B}.Release|Any CPU.Build.0 = Release|Any CPU
		{B6437DC9-9E82-4FB9-A661-1C7BE57C189B}.Release|Any CPU.Deploy.0 = Release|Any CPU
		{B6437DC9-9E82-4FB9-A661-1C7BE57C189B}.Release|ARM.ActiveCfg = Release|Any CPU
		{B6437DC9-9E82-4FB9-A661-1C7BE57C189B}.Release|ARM.Build.0 = Release|Any CPU
		{B6437DC9-9E82-4FB9-A661-1C7BE57C189B}.Release|ARM.Deploy.0 = Release|Any CPU
		{B6437DC9-9E82-4FB9-A661-1C7BE57C189B}.Release|iPhone.ActiveCfg = Release|Any CPU
		{B6437DC9-9E82-4FB9-A661-1C7BE57C189B}.Release|iPhone.Build.0 = Release|Any CPU
		{B6437DC9-9E82-4FB9-A661-1C7BE57C189B}.Release|iPhone.Deploy.0 = Release|Any CPU
		{B6437DC9-9E82-4FB9-A661-1C7BE57C189B}.Release|iPhoneSimulator.ActiveCfg = Release|Any CPU
		{B6437DC9-9E82-4FB9-A661-1C7BE57C189B}.Release|iPhoneSimulator.Build.0 = Release|Any CPU
		{B6437DC9-9E82-4FB9-A661-1C7BE57C189B}.Release|iPhoneSimulator.Deploy.0 = Release|Any CPU
		{B6437DC9-9E82-4FB9-A661-1C7BE57C189B}.Release|x64.ActiveCfg = Release|Any CPU
		{B6437DC9-9E82-4FB9-A661-1C7BE57C189B}.Release|x64.Build.0 = Release|Any CPU
		{B6437DC9-9E82-4FB9-A661-1C7BE57C189B}.Release|x64.Deploy.0 = Release|Any CPU
		{B6437DC9-9E82-4FB9-A661-1C7BE57C189B}.Release|x86.ActiveCfg = Release|Any CPU
		{B6437DC9-9E82-4FB9-A661-1C7BE57C189B}.Release|x86.Build.0 = Release|Any CPU
		{B6437DC9-9E82-4FB9-A661-1C7BE57C189B}.Release|x86.Deploy.0 = Release|Any CPU
		{989BA405-39D0-4EE2-B858-6496C74D0424}.Ad-Hoc|Any CPU.ActiveCfg = Release|x86
		{989BA405-39D0-4EE2-B858-6496C74D0424}.Ad-Hoc|Any CPU.Build.0 = Release|x86
		{989BA405-39D0-4EE2-B858-6496C74D0424}.Ad-Hoc|Any CPU.Deploy.0 = Release|x86
		{989BA405-39D0-4EE2-B858-6496C74D0424}.Ad-Hoc|ARM.ActiveCfg = Release|ARM
		{989BA405-39D0-4EE2-B858-6496C74D0424}.Ad-Hoc|ARM.Build.0 = Release|ARM
		{989BA405-39D0-4EE2-B858-6496C74D0424}.Ad-Hoc|ARM.Deploy.0 = Release|ARM
		{989BA405-39D0-4EE2-B858-6496C74D0424}.Ad-Hoc|iPhone.ActiveCfg = Release|x86
		{989BA405-39D0-4EE2-B858-6496C74D0424}.Ad-Hoc|iPhone.Build.0 = Release|x86
		{989BA405-39D0-4EE2-B858-6496C74D0424}.Ad-Hoc|iPhone.Deploy.0 = Release|x86
		{989BA405-39D0-4EE2-B858-6496C74D0424}.Ad-Hoc|iPhoneSimulator.ActiveCfg = Release|x86
		{989BA405-39D0-4EE2-B858-6496C74D0424}.Ad-Hoc|iPhoneSimulator.Build.0 = Release|x86
		{989BA405-39D0-4EE2-B858-6496C74D0424}.Ad-Hoc|iPhoneSimulator.Deploy.0 = Release|x86
		{989BA405-39D0-4EE2-B858-6496C74D0424}.Ad-Hoc|x64.ActiveCfg = Release|x64
		{989BA405-39D0-4EE2-B858-6496C74D0424}.Ad-Hoc|x64.Build.0 = Release|x64
		{989BA405-39D0-4EE2-B858-6496C74D0424}.Ad-Hoc|x64.Deploy.0 = Release|x64
		{989BA405-39D0-4EE2-B858-6496C74D0424}.Ad-Hoc|x86.ActiveCfg = Release|x86
		{989BA405-39D0-4EE2-B858-6496C74D0424}.Ad-Hoc|x86.Build.0 = Release|x86
		{989BA405-39D0-4EE2-B858-6496C74D0424}.Ad-Hoc|x86.Deploy.0 = Release|x86
		{989BA405-39D0-4EE2-B858-6496C74D0424}.AppStore|Any CPU.ActiveCfg = Release|x86
		{989BA405-39D0-4EE2-B858-6496C74D0424}.AppStore|Any CPU.Build.0 = Release|x86
		{989BA405-39D0-4EE2-B858-6496C74D0424}.AppStore|Any CPU.Deploy.0 = Release|x86
		{989BA405-39D0-4EE2-B858-6496C74D0424}.AppStore|ARM.ActiveCfg = Release|ARM
		{989BA405-39D0-4EE2-B858-6496C74D0424}.AppStore|ARM.Build.0 = Release|ARM
		{989BA405-39D0-4EE2-B858-6496C74D0424}.AppStore|ARM.Deploy.0 = Release|ARM
		{989BA405-39D0-4EE2-B858-6496C74D0424}.AppStore|iPhone.ActiveCfg = Release|x86
		{989BA405-39D0-4EE2-B858-6496C74D0424}.AppStore|iPhone.Build.0 = Release|x86
		{989BA405-39D0-4EE2-B858-6496C74D0424}.AppStore|iPhone.Deploy.0 = Release|x86
		{989BA405-39D0-4EE2-B858-6496C74D0424}.AppStore|iPhoneSimulator.ActiveCfg = Release|x86
		{989BA405-39D0-4EE2-B858-6496C74D0424}.AppStore|iPhoneSimulator.Build.0 = Release|x86
		{989BA405-39D0-4EE2-B858-6496C74D0424}.AppStore|iPhoneSimulator.Deploy.0 = Release|x86
		{989BA405-39D0-4EE2-B858-6496C74D0424}.AppStore|x64.ActiveCfg = Release|x64
		{989BA405-39D0-4EE2-B858-6496C74D0424}.AppStore|x64.Build.0 = Release|x64
		{989BA405-39D0-4EE2-B858-6496C74D0424}.AppStore|x64.Deploy.0 = Release|x64
		{989BA405-39D0-4EE2-B858-6496C74D0424}.AppStore|x86.ActiveCfg = Release|x86
		{989BA405-39D0-4EE2-B858-6496C74D0424}.AppStore|x86.Build.0 = Release|x86
		{989BA405-39D0-4EE2-B858-6496C74D0424}.AppStore|x86.Deploy.0 = Release|x86
		{989BA405-39D0-4EE2-B858-6496C74D0424}.Debug|Any CPU.ActiveCfg = Debug|x86
		{989BA405-39D0-4EE2-B858-6496C74D0424}.Debug|ARM.ActiveCfg = Debug|ARM
		{989BA405-39D0-4EE2-B858-6496C74D0424}.Debug|ARM.Build.0 = Debug|ARM
		{989BA405-39D0-4EE2-B858-6496C74D0424}.Debug|ARM.Deploy.0 = Debug|ARM
		{989BA405-39D0-4EE2-B858-6496C74D0424}.Debug|iPhone.ActiveCfg = Debug|x86
		{989BA405-39D0-4EE2-B858-6496C74D0424}.Debug|iPhoneSimulator.ActiveCfg = Debug|x86
		{989BA405-39D0-4EE2-B858-6496C74D0424}.Debug|x64.ActiveCfg = Debug|x64
		{989BA405-39D0-4EE2-B858-6496C74D0424}.Debug|x64.Build.0 = Debug|x64
		{989BA405-39D0-4EE2-B858-6496C74D0424}.Debug|x64.Deploy.0 = Debug|x64
		{989BA405-39D0-4EE2-B858-6496C74D0424}.Debug|x86.ActiveCfg = Debug|x86
		{989BA405-39D0-4EE2-B858-6496C74D0424}.Debug|x86.Build.0 = Debug|x86
		{989BA405-39D0-4EE2-B858-6496C74D0424}.Debug|x86.Deploy.0 = Debug|x86
		{989BA405-39D0-4EE2-B858-6496C74D0424}.Release|Any CPU.ActiveCfg = Release|x86
		{989BA405-39D0-4EE2-B858-6496C74D0424}.Release|ARM.ActiveCfg = Release|ARM
		{989BA405-39D0-4EE2-B858-6496C74D0424}.Release|ARM.Build.0 = Release|ARM
		{989BA405-39D0-4EE2-B858-6496C74D0424}.Release|ARM.Deploy.0 = Release|ARM
		{989BA405-39D0-4EE2-B858-6496C74D0424}.Release|iPhone.ActiveCfg = Release|x86
		{989BA405-39D0-4EE2-B858-6496C74D0424}.Release|iPhoneSimulator.ActiveCfg = Release|x86
		{989BA405-39D0-4EE2-B858-6496C74D0424}.Release|x64.ActiveCfg = Release|x64
		{989BA405-39D0-4EE2-B858-6496C74D0424}.Release|x64.Build.0 = Release|x64
		{989BA405-39D0-4EE2-B858-6496C74D0424}.Release|x64.Deploy.0 = Release|x64
		{989BA405-39D0-4EE2-B858-6496C74D0424}.Release|x86.ActiveCfg = Release|x86
		{989BA405-39D0-4EE2-B858-6496C74D0424}.Release|x86.Build.0 = Release|x86
		{989BA405-39D0-4EE2-B858-6496C74D0424}.Release|x86.Deploy.0 = Release|x86
	EndGlobalSection
	GlobalSection(SolutionProperties) = preSolution
		HideSolutionNode = FALSE
	EndGlobalSection
EndGlobal
